
Microsoft Visual Studio Solution File, Format Version 12.00
# Visual Studio Version 16
VisualStudioVersion = 16.0.30523.141
MinimumVisualStudioVersion = 10.0.40219.1
Project("{FAE04EC0-301F-11D3-BF4B-00C04F79EFBC}") = "BlueStreamline_activity", "BlueStreamline_activity.csproj", "{2D3FF546-5C06-44B4-A31E-4573F0B3CD52}"
EndProject
Global
	GlobalSection(SolutionConfigurationPlatforms) = preSolution
		Debug|Any CPU = Debug|Any CPU
		Release|Any CPU = Release|Any CPU
	EndGlobalSection
	GlobalSection(ProjectConfigurationPlatforms) = postSolution
		{2D3FF546-5C06-44B4-A31E-4573F0B3CD52}.Debug|Any CPU.ActiveCfg = Debug|Any CPU
		{2D3FF546-5C06-44B4-A31E-4573F0B3CD52}.Debug|Any CPU.Build.0 = Debug|Any CPU
		{2D3FF546-5C06-44B4-A31E-4573F0B3CD52}.Release|Any CPU.ActiveCfg = Release|Any CPU
		{2D3FF546-5C06-44B4-A31E-4573F0B3CD52}.Release|Any CPU.Build.0 = Release|Any CPU
	EndGlobalSection
	GlobalSection(SolutionProperties) = preSolution
		HideSolutionNode = FALSE
	EndGlobalSection
	GlobalSection(ExtensibilityGlobals) = postSolution
		SolutionGuid = {BF02FA9F-8F12-48A1-8F29-ACFAA8C0E0C2}
	EndGlobalSection
EndGlobal
